
Microsoft Visual Studio Solution File, Format Version 12.00
# Visual Studio Version 17
VisualStudioVersion = 17.3.32929.385
MinimumVisualStudioVersion = 10.0.40219.1
Project("{FAE04EC0-301F-11D3-BF4B-00C04F79EFBC}") = "Agencia Espacial - Agustín López", "Agencia Espacial - Agustín López\Agencia Espacial - Agustín López.csproj", "{549CEA9B-38F5-4EC8-AEF1-05A5B81E35B1}"
EndProject
Global
	GlobalSection(SolutionConfigurationPlatforms) = preSolution
		Debug|Any CPU = Debug|Any CPU
		Release|Any CPU = Release|Any CPU
	EndGlobalSection
	GlobalSection(ProjectConfigurationPlatforms) = postSolution
		{549CEA9B-38F5-4EC8-AEF1-05A5B81E35B1}.Debug|Any CPU.ActiveCfg = Debug|Any CPU
		{549CEA9B-38F5-4EC8-AEF1-05A5B81E35B1}.Debug|Any CPU.Build.0 = Debug|Any CPU
		{549CEA9B-38F5-4EC8-AEF1-05A5B81E35B1}.Release|Any CPU.ActiveCfg = Release|Any CPU
		{549CEA9B-38F5-4EC8-AEF1-05A5B81E35B1}.Release|Any CPU.Build.0 = Release|Any CPU
	EndGlobalSection
	GlobalSection(SolutionProperties) = preSolution
		HideSolutionNode = FALSE
	EndGlobalSection
	GlobalSection(ExtensibilityGlobals) = postSolution
		SolutionGuid = {BBC8081F-E173-476C-8E66-DEABBD5DFFB0}
	EndGlobalSection
EndGlobal
